
Microsoft Visual Studio Solution File, Format Version 12.00
# Visual Studio Version 17
VisualStudioVersion = 17.6.33723.286
MinimumVisualStudioVersion = 10.0.40219.1
Project("{9A19103F-16F7-4668-BE54-9A1E7A4F7556}") = "BlazorCodemirror", "BlazorCodemirror.csproj", "{6E4D4634-72F7-4EF5-9E7F-CE3DC9CDB868}"
EndProject
Global
	GlobalSection(SolutionConfigurationPlatforms) = preSolution
		Debug|Any CPU = Debug|Any CPU
		Release|Any CPU = Release|Any CPU
	EndGlobalSection
	GlobalSection(ProjectConfigurationPlatforms) = postSolution
		{6E4D4634-72F7-4EF5-9E7F-CE3DC9CDB868}.Debug|Any CPU.ActiveCfg = Debug|Any CPU
		{6E4D4634-72F7-4EF5-9E7F-CE3DC9CDB868}.Debug|Any CPU.Build.0 = Debug|Any CPU
		{6E4D4634-72F7-4EF5-9E7F-CE3DC9CDB868}.Release|Any CPU.ActiveCfg = Release|Any CPU
		{6E4D4634-72F7-4EF5-9E7F-CE3DC9CDB868}.Release|Any CPU.Build.0 = Release|Any CPU
	EndGlobalSection
	GlobalSection(SolutionProperties) = preSolution
		HideSolutionNode = FALSE
	EndGlobalSection
	GlobalSection(ExtensibilityGlobals) = postSolution
		SolutionGuid = {A2A4ECA4-B4A1-413E-B404-AB94E5111D41}
	EndGlobalSection
EndGlobal
